
Microsoft Visual Studio Solution File, Format Version 12.00
# Visual Studio Version 16
VisualStudioVersion = 16.0.31410.357
MinimumVisualStudioVersion = 10.0.40219.1
Project("{FAE04EC0-301F-11D3-BF4B-00C04F79EFBC}") = "Web_Automation", "Web_Automation\Web_Automation.csproj", "{BF373347-5736-4D5D-8F13-4E8919A7FCB2}"
EndProject
Global
	GlobalSection(SolutionConfigurationPlatforms) = preSolution
		Debug|Any CPU = Debug|Any CPU
		Release|Any CPU = Release|Any CPU
	EndGlobalSection
	GlobalSection(ProjectConfigurationPlatforms) = postSolution
		{BF373347-5736-4D5D-8F13-4E8919A7FCB2}.Debug|Any CPU.ActiveCfg = Debug|Any CPU
		{BF373347-5736-4D5D-8F13-4E8919A7FCB2}.Debug|Any CPU.Build.0 = Debug|Any CPU
		{BF373347-5736-4D5D-8F13-4E8919A7FCB2}.Release|Any CPU.ActiveCfg = Release|Any CPU
		{BF373347-5736-4D5D-8F13-4E8919A7FCB2}.Release|Any CPU.Build.0 = Release|Any CPU
	EndGlobalSection
	GlobalSection(SolutionProperties) = preSolution
		HideSolutionNode = FALSE
	EndGlobalSection
	GlobalSection(ExtensibilityGlobals) = postSolution
		SolutionGuid = {99665072-B197-4596-A9E2-C43029249370}
	EndGlobalSection
EndGlobal
